
Microsoft Visual Studio Solution File, Format Version 12.00
Project("{FAE04EC0-301F-11D3-BF4B-00C04F79EFBC}") = "LambdaWarmer", "LambdaWarmer\LambdaWarmer.csproj", "{F974B18C-609C-4099-9B62-5360268C3643}"
EndProject
Project("{FAE04EC0-301F-11D3-BF4B-00C04F79EFBC}") = "LambdaWarmer.TestFunction", "LambdaWarmer.TestFunction\LambdaWarmer.TestFunction.csproj", "{482E6122-B174-4EF8-BF07-1EF82E1212E5}"
EndProject
Project("{2150E333-8FDC-42A3-9474-1A3956D46DE8}") = "SolutionFolder", "SolutionFolder", "{AD2C9662-F825-4FE9-AA9F-8E271CB6A8CF}"
	ProjectSection(SolutionItems) = preProject
		.github\workflows\publish.yml = .github\workflows\publish.yml
		README.md = README.md
	EndProjectSection
EndProject
Global
	GlobalSection(SolutionConfigurationPlatforms) = preSolution
		Debug|Any CPU = Debug|Any CPU
		Release|Any CPU = Release|Any CPU
	EndGlobalSection
	GlobalSection(ProjectConfigurationPlatforms) = postSolution
		{F974B18C-609C-4099-9B62-5360268C3643}.Debug|Any CPU.ActiveCfg = Debug|Any CPU
		{F974B18C-609C-4099-9B62-5360268C3643}.Debug|Any CPU.Build.0 = Debug|Any CPU
		{F974B18C-609C-4099-9B62-5360268C3643}.Release|Any CPU.ActiveCfg = Release|Any CPU
		{F974B18C-609C-4099-9B62-5360268C3643}.Release|Any CPU.Build.0 = Release|Any CPU
		{482E6122-B174-4EF8-BF07-1EF82E1212E5}.Debug|Any CPU.ActiveCfg = Debug|Any CPU
		{482E6122-B174-4EF8-BF07-1EF82E1212E5}.Debug|Any CPU.Build.0 = Debug|Any CPU
		{482E6122-B174-4EF8-BF07-1EF82E1212E5}.Release|Any CPU.ActiveCfg = Release|Any CPU
		{482E6122-B174-4EF8-BF07-1EF82E1212E5}.Release|Any CPU.Build.0 = Release|Any CPU
	EndGlobalSection
EndGlobal
